// !$*UTF8*$!
{
	archiveVersion = 1;
	classes = {
	};
	objectVersion = 56;
	objects = {

/* Begin PBXBuildFile section */
		D5660C6629E9DFDA0062B5BB /* AppDelegate.swift in Sources */ = {isa = PBXBuildFile; fileRef = D5660C6529E9DFDA0062B5BB /* AppDelegate.swift */; };
		D5660C6829E9DFDA0062B5BB /* SceneDelegate.swift in Sources */ = {isa = PBXBuildFile; fileRef = D5660C6729E9DFDA0062B5BB /* SceneDelegate.swift */; };
		D5660C6A29E9DFDA0062B5BB /* ViewController.swift in Sources */ = {isa = PBXBuildFile; fileRef = D5660C6929E9DFDA0062B5BB /* ViewController.swift */; };
		D5660C6D29E9DFDA0062B5BB /* Main.storyboard in Resources */ = {isa = PBXBuildFile; fileRef = D5660C6B29E9DFDA0062B5BB /* Main.storyboard */; };
		D5660C6F29E9DFDB0062B5BB /* Assets.xcassets in Resources */ = {isa = PBXBuildFile; fileRef = D5660C6E29E9DFDB0062B5BB /* Assets.xcassets */; };
		D5660C7229E9DFDB0062B5BB /* LaunchScreen.storyboard in Resources */ = {isa = PBXBuildFile; fileRef = D5660C7029E9DFDB0062B5BB /* LaunchScreen.storyboard */; };
		D5660C7A29E9E6E40062B5BB /* SwiftBetaCustomCell.swift in Sources */ = {isa = PBXBuildFile; fileRef = D5660C7929E9E6E40062B5BB /* SwiftBetaCustomCell.swift */; };
		D5660C7C29E9EAAB0062B5BB /* SwiftBetaTableViewDataSource.swift in Sources */ = {isa = PBXBuildFile; fileRef = D5660C7B29E9EAAB0062B5BB /* SwiftBetaTableViewDataSource.swift */; };
		D5660C7E29E9EC220062B5BB /* SwiftBetaTableViewDelegate.swift in Sources */ = {isa = PBXBuildFile; fileRef = D5660C7D29E9EC220062B5BB /* SwiftBetaTableViewDelegate.swift */; };
/* End PBXBuildFile section */

/* Begin PBXFileReference section */
		D5660C6229E9DFDA0062B5BB /* UIKit_6_UITableView.app */ = {isa = PBXFileReference; explicitFileType = wrapper.application; includeInIndex = 0; path = UIKit_6_UITableView.app; sourceTree = BUILT_PRODUCTS_DIR; };
		D5660C6529E9DFDA0062B5BB /* AppDelegate.swift */ = {isa = PBXFileReference; lastKnownFileType = sourcecode.swift; path = AppDelegate.swift; sourceTree = "<group>"; };
		D5660C6729E9DFDA0062B5BB /* SceneDelegate.swift */ = {isa = PBXFileReference; lastKnownFileType = sourcecode.swift; path = SceneDelegate.swift; sourceTree = "<group>"; };
		D5660C6929E9DFDA0062B5BB /* ViewController.swift */ = {isa = PBXFileReference; lastKnownFileType = sourcecode.swift; path = ViewController.swift; sourceTree = "<group>"; };
		D5660C6C29E9DFDA0062B5BB /* Base */ = {isa = PBXFileReference; lastKnownFileType = file.storyboard; name = Base; path = Base.lproj/Main.storyboard; sourceTree = "<group>"; };
		D5660C6E29E9DFDB0062B5BB /* Assets.xcassets */ = {isa = PBXFileReference; lastKnownFileType = folder.assetcatalog; path = Assets.xcassets; sourceTree = "<group>"; };
		D5660C7129E9DFDB0062B5BB /* Base */ = {isa = PBXFileReference; lastKnownFileType = file.storyboard; name = Base; path = Base.lproj/LaunchScreen.storyboard; sourceTree = "<group>"; };
		D5660C7329E9DFDB0062B5BB /* Info.plist */ = {isa = PBXFileReference; lastKnownFileType = text.plist.xml; path = Info.plist; sourceTree = "<group>"; };
		D5660C7929E9E6E40062B5BB /* SwiftBetaCustomCell.swift */ = {isa = PBXFileReference; lastKnownFileType = sourcecode.swift; path = SwiftBetaCustomCell.swift; sourceTree = "<group>"; };
		D5660C7B29E9EAAB0062B5BB /* SwiftBetaTableViewDataSource.swift */ = {isa = PBXFileReference; lastKnownFileType = sourcecode.swift; path = SwiftBetaTableViewDataSource.swift; sourceTree = "<group>"; };
		D5660C7D29E9EC220062B5BB /* SwiftBetaTableViewDelegate.swift */ = {isa = PBXFileReference; lastKnownFileType = sourcecode.swift; path = SwiftBetaTableViewDelegate.swift; sourceTree = "<group>"; };
/* End PBXFileReference section */

/* Begin PBXFrameworksBuildPhase section */
		D5660C5F29E9DFDA0062B5BB /* Frameworks */ = {
			isa = PBXFrameworksBuildPhase;
			buildActionMask = 2147483647;
			files = (
			);
			runOnlyForDeploymentPostprocessing = 0;
		};
/* End PBXFrameworksBuildPhase section */

/* Begin PBXGroup section */
		D5660C5929E9DFDA0062B5BB = {
			isa = PBXGroup;
			children = (
				D5660C6429E9DFDA0062B5BB /* UIKit_6_UITableView */,
				D5660C6329E9DFDA0062B5BB /* Products */,
			);
			sourceTree = "<group>";
		};
		D5660C6329E9DFDA0062B5BB /* Products */ = {
			isa = PBXGroup;
			children = (
				D5660C6229E9DFDA0062B5BB /* UIKit_6_UITableView.app */,
			);
			name = Products;
			sourceTree = "<group>";
		};
		D5660C6429E9DFDA0062B5BB /* UIKit_6_UITableView */ = {
			isa = PBXGroup;
			children = (
				D5660C6529E9DFDA0062B5BB /* AppDelegate.swift */,
				D5660C6729E9DFDA0062B5BB /* SceneDelegate.swift */,
				D5660C6929E9DFDA0062B5BB /* ViewController.swift */,
				D5660C7D29E9EC220062B5BB /* SwiftBetaTableViewDelegate.swift */,
				D5660C7B29E9EAAB0062B5BB /* SwiftBetaTableViewDataSource.swift */,
				D5660C7929E9E6E40062B5BB /* SwiftBetaCustomCell.swift */,
				D5660C6B29E9DFDA0062B5BB /* Main.storyboard */,
				D5660C6E29E9DFDB0062B5BB /* Assets.xcassets */,
				D5660C7029E9DFDB0062B5BB /* LaunchScreen.storyboard */,
				D5660C7329E9DFDB0062B5BB /* Info.plist */,
			);
			path = UIKit_6_UITableView;
			sourceTree = "<group>";
		};
/* End PBXGroup section */

/* Begin PBXNativeTarget section */
		D5660C6129E9DFDA0062B5BB /* UIKit_6_UITableView */ = {
			isa = PBXNativeTarget;
			buildConfigurationList = D5660C7629E9DFDB0062B5BB /* Build configuration list for PBXNativeTarget "UIKit_6_UITableView" */;
			buildPhases = (
				D5660C5E29E9DFDA0062B5BB /* Sources */,
				D5660C5F29E9DFDA0062B5BB /* Frameworks */,
				D5660C6029E9DFDA0062B5BB /* Resources */,
			);
			buildRules = (
			);
			dependencies = (
			);
			name = UIKit_6_UITableView;
			productName = UIKit_6_UITableView;
			productReference = D5660C6229E9DFDA0062B5BB /* UIKit_6_UITableView.app */;
			productType = "com.apple.product-type.application";
		};
/* End PBXNativeTarget section */

/* Begin PBXProject section */
		D5660C5A29E9DFDA0062B5BB /* Project object */ = {
			isa = PBXProject;
			attributes = {
				BuildIndependentTargetsInParallel = 1;
				LastSwiftUpdateCheck = 1420;
				LastUpgradeCheck = 1420;
				TargetAttributes = {
					D5660C6129E9DFDA0062B5BB = {
						CreatedOnToolsVersion = 14.2;
					};
				};
			};
			buildConfigurationList = D5660C5D29E9DFDA0062B5BB /* Build configuration list for PBXProject "UIKit_6_UITableView" */;
			compatibilityVersion = "Xcode 14.0";
			developmentRegion = en;
			hasScannedForEncodings = 0;
			knownRegions = (
				en,
				Base,
			);
			mainGroup = D5660C5929E9DFDA0062B5BB;
			productRefGroup = D5660C6329E9DFDA0062B5BB /* Products */;
			projectDirPath = "";
			projectRoot = "";
			targets = (
				D5660C6129E9DFDA0062B5BB /* UIKit_6_UITableView */,
			);
		};
/* End PBXProject section */

/* Begin PBXResourcesBuildPhase section */
		D5660C6029E9DFDA0062B5BB /* Resources */ = {
			isa = PBXResourcesBuildPhase;
			buildActionMask = 2147483647;
			files = (
				D5660C7229E9DFDB0062B5BB /* LaunchScreen.storyboard in Resources */,
				D5660C6F29E9DFDB0062B5BB /* Assets.xcassets in Resources */,
				D5660C6D29E9DFDA0062B5BB /* Main.storyboard in Resources */,
			);
			runOnlyForDeploymentPostprocessing = 0;
		};
/* End PBXResourcesBuildPhase section */

/* Begin PBXSourcesBuildPhase section */
		D5660C5E29E9DFDA0062B5BB /* Sources */ = {
			isa = PBXSourcesBuildPhase;
			buildActionMask = 2147483647;
			files = (
				D5660C7A29E9E6E40062B5BB /* SwiftBetaCustomCell.swift in Sources */,
				D5660C7C29E9EAAB0062B5BB /* SwiftBetaTableViewDataSource.swift in Sources */,
				D5660C7E29E9EC220062B5BB /* SwiftBetaTableViewDelegate.swift in Sources */,
				D5660C6A29E9DFDA0062B5BB /* ViewController.swift in Sources */,
				D5660C6629E9DFDA0062B5BB /* AppDelegate.swift in Sources */,
				D5660C6829E9DFDA0062B5BB /* SceneDelegate.swift in Sources */,
			);
			runOnlyForDeploymentPostprocessing = 0;
		};
/* End PBXSourcesBuildPhase section */

/* Begin PBXVariantGroup section */
		D5660C6B29E9DFDA0062B5BB /* Main.storyboard */ = {
			isa = PBXVariantGroup;
			children = (
				D5660C6C29E9DFDA0062B5BB /* Base */,
			);
			name = Main.storyboard;
			sourceTree = "<group>";
		};
		D5660C7029E9DFDB0062B5BB /* LaunchScreen.storyboard */ = {
			isa = PBXVariantGroup;
			children = (
				D5660C7129E9DFDB0062B5BB /* Base */,
			);
			name = LaunchScreen.storyboard;
			sourceTree = "<group>";
		};
/* End PBXVariantGroup section */

/* Begin XCBuildConfiguration section */
		D5660C7429E9DFDB0062B5BB /* Debug */ = {
			isa = XCBuildConfiguration;
			buildSettings = {
				ALWAYS_SEARCH_USER_PATHS = NO;
				CLANG_ANALYZER_NONNULL = YES;
				CLANG_ANALYZER_NUMBER_OBJECT_CONVERSION = YES_AGGRESSIVE;
				CLANG_CXX_LANGUAGE_STANDARD = "gnu++20";
				CLANG_ENABLE_MODULES = YES;
				CLANG_ENABLE_OBJC_ARC = YES;
				CLANG_ENABLE_OBJC_WEAK = YES;
				CLANG_WARN_BLOCK_CAPTURE_AUTORELEASING = YES;
				CLANG_WARN_BOOL_CONVERSION = YES;
				CLANG_WARN_COMMA = YES;
				CLANG_WARN_CONSTANT_CONVERSION = YES;
				CLANG_WARN_DEPRECATED_OBJC_IMPLEMENTATIONS = YES;
				CLANG_WARN_DIRECT_OBJC_ISA_USAGE = YES_ERROR;
				CLANG_WARN_DOCUMENTATION_COMMENTS = YES;
				CLANG_WARN_EMPTY_BODY = YES;
				CLANG_WARN_ENUM_CONVERSION = YES;
				CLANG_WARN_INFINITE_RECURSION = YES;
				CLANG_WARN_INT_CONVERSION = YES;
				CLANG_WARN_NON_LITERAL_NULL_CONVERSION = YES;
				CLANG_WARN_OBJC_IMPLICIT_RETAIN_SELF = YES;
				CLANG_WARN_OBJC_LITERAL_CONVERSION = YES;
				CLANG_WARN_OBJC_ROOT_CLASS = YES_ERROR;
				CLANG_WARN_QUOTED_INCLUDE_IN_FRAMEWORK_HEADER = YES;
				CLANG_WARN_RANGE_LOOP_ANALYSIS = YES;
				CLANG_WARN_STRICT_PROTOTYPES = YES;
				CLANG_WARN_SUSPICIOUS_MOVE = YES;
				CLANG_WARN_UNGUARDED_AVAILABILITY = YES_AGGRESSIVE;
				CLANG_WARN_UNREACHABLE_CODE = YES;
				CLANG_WARN__DUPLICATE_METHOD_MATCH = YES;
				COPY_PHASE_STRIP = NO;
				DEBUG_INFORMATION_FORMAT = dwarf;
				ENABLE_STRICT_OBJC_MSGSEND = YES;
				ENABLE_TESTABILITY = YES;
				GCC_C_LANGUAGE_STANDARD = gnu11;
				GCC_DYNAMIC_NO_PIC = NO;
				GCC_NO_COMMON_BLOCKS = YES;
				GCC_OPTIMIZATION_LEVEL = 0;
				GCC_PREPROCESSOR_DEFINITIONS = (
					"DEBUG=1",
					"$(inherited)",
				);
				GCC_WARN_64_TO_32_BIT_CONVERSION = YES;
				GCC_WARN_ABOUT_RETURN_TYPE = YES_ERROR;
				GCC_WARN_UNDECLARED_SELECTOR = YES;
				GCC_WARN_UNINITIALIZED_AUTOS = YES_AGGRESSIVE;
				GCC_WARN_UNUSED_FUNCTION = YES;
				GCC_WARN_UNUSED_VARIABLE = YES;
				IPHONEOS_DEPLOYMENT_TARGET = 16.2;
				MTL_ENABLE_DEBUG_INFO = INCLUDE_SOURCE;
				MTL_FAST_MATH = YES;
				ONLY_ACTIVE_ARCH = YES;
				SDKROOT = iphoneos;
				SWIFT_ACTIVE_COMPILATION_CONDITIONS = DEBUG;
				SWIFT_OPTIMIZATION_LEVEL = "-Onone";
			};
			name = Debug;
		};
		D5660C7529E9DFDB0062B5BB /* Release */ = {
			isa = XCBuildConfiguration;
			buildSettings = {
				ALWAYS_SEARCH_USER_PATHS = NO;
				CLANG_ANALYZER_NONNULL = YES;
				CLANG_ANALYZER_NUMBER_OBJECT_CONVERSION = YES_AGGRESSIVE;
				CLANG_CXX_LANGUAGE_STANDARD = "gnu++20";
				CLANG_ENABLE_MODULES = YES;
				CLANG_ENABLE_OBJC_ARC = YES;
				CLANG_ENABLE_OBJC_WEAK = YES;
				CLANG_WARN_BLOCK_CAPTURE_AUTORELEASING = YES;
				CLANG_WARN_BOOL_CONVERSION = YES;
				CLANG_WARN_COMMA = YES;
				CLANG_WARN_CONSTANT_CONVERSION = YES;
				CLANG_WARN_DEPRECATED_OBJC_IMPLEMENTATIONS = YES;
				CLANG_WARN_DIRECT_OBJC_ISA_USAGE = YES_ERROR;
				CLANG_WARN_DOCUMENTATION_COMMENTS = YES;
				CLANG_WARN_EMPTY_BODY = YES;
				CLANG_WARN_ENUM_CONVERSION = YES;
				CLANG_WARN_INFINITE_RECURSION = YES;
				CLANG_WARN_INT_CONVERSION = YES;
				CLANG_WARN_NON_LITERAL_NULL_CONVERSION = YES;
				CLANG_WARN_OBJC_IMPLICIT_RETAIN_SELF = YES;
				CLANG_WARN_OBJC_LITERAL_CONVERSION = YES;
				CLANG_WARN_OBJC_ROOT_CLASS = YES_ERROR;
				CLANG_WARN_QUOTED_INCLUDE_IN_FRAMEWORK_HEADER = YES;
				CLANG_WARN_RANGE_LOOP_ANALYSIS = YES;
				CLANG_WARN_STRICT_PROTOTYPES = YES;
				CLANG_WARN_SUSPICIOUS_MOVE = YES;
				CLANG_WARN_UNGUARDED_AVAILABILITY = YES_AGGRESSIVE;
				CLANG_WARN_UNREACHABLE_CODE = YES;
				CLANG_WARN__DUPLICATE_METHOD_MATCH = YES;
				COPY_PHASE_STRIP = NO;
				DEBUG_INFORMATION_FORMAT = "dwarf-with-dsym";
				ENABLE_NS_ASSERTIONS = NO;
				ENABLE_STRICT_OBJC_MSGSEND = YES;
				GCC_C_LANGUAGE_STANDARD = gnu11;
				GCC_NO_COMMON_BLOCKS = YES;
				GCC_WARN_64_TO_32_BIT_CONVERSION = YES;
				GCC_WARN_ABOUT_RETURN_TYPE = YES_ERROR;
				GCC_WARN_UNDECLARED_SELECTOR = YES;
				GCC_WARN_UNINITIALIZED_AUTOS = YES_AGGRESSIVE;
				GCC_WARN_UNUSED_FUNCTION = YES;
				GCC_WARN_UNUSED_VARIABLE = YES;
				IPHONEOS_DEPLOYMENT_TARGET = 16.2;
				MTL_ENABLE_DEBUG_INFO = NO;
				MTL_FAST_MATH = YES;
				SDKROOT = iphoneos;
				SWIFT_COMPILATION_MODE = wholemodule;
				SWIFT_OPTIMIZATION_LEVEL = "-O";
				VALIDATE_PRODUCT = YES;
			};
			name = Release;
		};
		D5660C7729E9DFDB0062B5BB /* Debug */ = {
			isa = XCBuildConfiguration;
			buildSettings = {
				ASSETCATALOG_COMPILER_APPICON_NAME = AppIcon;
				ASSETCATALOG_COMPILER_GLOBAL_ACCENT_COLOR_NAME = AccentColor;
				CODE_SIGN_STYLE = Automatic;
				CURRENT_PROJECT_VERSION = 1;
				GENERATE_INFOPLIST_FILE = YES;
				INFOPLIST_FILE = UIKit_6_UITableView/Info.plist;
				INFOPLIST_KEY_UIApplicationSupportsIndirectInputEvents = YES;
				INFOPLIST_KEY_UILaunchStoryboardName = LaunchScreen;
				INFOPLIST_KEY_UIMainStoryboardFile = Main;
				INFOPLIST_KEY_UISupportedInterfaceOrientations_iPad = "UIInterfaceOrientationPortrait UIInterfaceOrientationPortraitUpsideDown UIInterfaceOrientationLandscapeLeft UIInterfaceOrientationLandscapeRight";
				INFOPLIST_KEY_UISupportedInterfaceOrientations_iPhone = "UIInterfaceOrientationPortrait UIInterfaceOrientationLandscapeLeft UIInterfaceOrientationLandscapeRight";
				LD_RUNPATH_SEARCH_PATHS = (
					"$(inherited)",
					"@executable_path/Frameworks",
				);
				MARKETING_VERSION = 1.0;
				PRODUCT_BUNDLE_IDENTIFIER = "com.pedroacevedo.UIKit-6-UITableView";
				PRODUCT_NAME = "$(TARGET_NAME)";
				SWIFT_EMIT_LOC_STRINGS = YES;
				SWIFT_VERSION = 5.0;
				TARGETED_DEVICE_FAMILY = "1,2";
			};
			name = Debug;
		};
		D5660C7829E9DFDB0062B5BB /* Release */ = {
			isa = XCBuildConfiguration;
			buildSettings = {
				ASSETCATALOG_COMPILER_APPICON_NAME = AppIcon;
				ASSETCATALOG_COMPILER_GLOBAL_ACCENT_COLOR_NAME = AccentColor;
				CODE_SIGN_STYLE = Automatic;
				CURRENT_PROJECT_VERSION = 1;
				GENERATE_INFOPLIST_FILE = YES;
				INFOPLIST_FILE = UIKit_6_UITableView/Info.plist;
				INFOPLIST_KEY_UIApplicationSupportsIndirectInputEvents = YES;
				INFOPLIST_KEY_UILaunchStoryboardName = LaunchScreen;
				INFOPLIST_KEY_UIMainStoryboardFile = Main;
				INFOPLIST_KEY_UISupportedInterfaceOrientations_iPad = "UIInterfaceOrientationPortrait UIInterfaceOrientationPortraitUpsideDown UIInterfaceOrientationLandscapeLeft UIInterfaceOrientationLandscapeRight";
				INFOPLIST_KEY_UISupportedInterfaceOrientations_iPhone = "UIInterfaceOrientationPortrait UIInterfaceOrientationLandscapeLeft UIInterfaceOrientationLandscapeRight";
				LD_RUNPATH_SEARCH_PATHS = (
					"$(inherited)",
					"@executable_path/Frameworks",
				);
				MARKETING_VERSION = 1.0;
				PRODUCT_BUNDLE_IDENTIFIER = "com.pedroacevedo.UIKit-6-UITableView";
				PRODUCT_NAME = "$(TARGET_NAME)";
				SWIFT_EMIT_LOC_STRINGS = YES;
				SWIFT_VERSION = 5.0;
				TARGETED_DEVICE_FAMILY = "1,2";
			};
			name = Release;
		};
/* End XCBuildConfiguration section */

/* Begin XCConfigurationList section */
		D5660C5D29E9DFDA0062B5BB /* Build configuration list for PBXProject "UIKit_6_UITableView" */ = {
			isa = XCConfigurationList;
			buildConfigurations = (
				D5660C7429E9DFDB0062B5BB /* Debug */,
				D5660C7529E9DFDB0062B5BB /* Release */,
			);
			defaultConfigurationIsVisible = 0;
			defaultConfigurationName = Release;
		};
		D5660C7629E9DFDB0062B5BB /* Build configuration list for PBXNativeTarget "UIKit_6_UITableView" */ = {
			isa = XCConfigurationList;
			buildConfigurations = (
				D5660C7729E9DFDB0062B5BB /* Debug */,
				D5660C7829E9DFDB0062B5BB /* Release */,
			);
			defaultConfigurationIsVisible = 0;
			defaultConfigurationName = Release;
		};
/* End XCConfigurationList section */
	};
	rootObject = D5660C5A29E9DFDA0062B5BB /* Project object */;
}
